{
  "name": "krishna-project",
  "version": "0.1.0",
  "lockfileVersion": 3,
  "requires": true,
  "packages": {
    "": {
      "name": "krishna-project",
      "version": "0.1.0",
      "license": "MIT",
      "dependencies": {
        "krishna-project": "file:.."
      },
      "engines": {
        "vscode": "^1.90.0"
      }
    },
    "..": {
      "name": "krishna-project",
      "version": "1.0.1",
      "license": "MIT",
      "bin": {
        "daal": "src/js/cli.js"
      },
      "devDependencies": {
        "node-gyp": "^12.3.0"
      }
    },
    "node_modules/krishna-project": {
      "resolved": "..",
      "link": true
    }
  }
}
